Microsoft Visual Studio Solution File, Format Version 11.00
# Visual Studio 2008

Project("{254DCEED-9451-9212-932F-DD4E259BD6BC}") = "PongYoutube", "Assembly-CSharp.csproj", "{C2301B3B-4458-6F3A-9929-F985A1208391}"
EndProject
Global
	GlobalSection(SolutionConfigurationPlatforms) = preSolution
		Debug|Any CPU = Debug|Any CPU
		Release|Any CPU = Release|Any CPU
	EndGlobalSection
	GlobalSection(ProjectConfigurationPlatforms) = postSolution
		{C2301B3B-4458-6F3A-9929-F985A1208391}.Debug|Any CPU.ActiveCfg = Debug|Any CPU
		{C2301B3B-4458-6F3A-9929-F985A1208391}.Debug|Any CPU.Build.0 = Debug|Any CPU
		{C2301B3B-4458-6F3A-9929-F985A1208391}.Release|Any CPU.ActiveCfg = Release|Any CPU
		{C2301B3B-4458-6F3A-9929-F985A1208391}.Release|Any CPU.Build.0 = Release|Any CPU
	EndGlobalSection
	GlobalSection(SolutionProperties) = preSolution
		HideSolutionNode = FALSE
	EndGlobalSection
	GlobalSection(MonoDevelopProperties) = preSolution
		StartupItem = Assembly-CSharp.csproj
	EndGlobalSection
EndGlobal
